
Microsoft Visual Studio Solution File, Format Version 12.00
# Visual Studio Version 17
VisualStudioVersion = 17.8.34330.188
MinimumVisualStudioVersion = 10.0.40219.1
Project("{FAE04EC0-301F-11D3-BF4B-00C04F79EFBC}") = "Q3", "Q3\Q3.csproj", "{422F10D1-BEBD-4EA6-BA7E-7E967179783F}"
EndProject
Global
	GlobalSection(SolutionConfigurationPlatforms) = preSolution
		Debug|Any CPU = Debug|Any CPU
		Release|Any CPU = Release|Any CPU
	EndGlobalSection
	GlobalSection(ProjectConfigurationPlatforms) = postSolution
		{422F10D1-BEBD-4EA6-BA7E-7E967179783F}.Debug|Any CPU.ActiveCfg = Debug|Any CPU
		{422F10D1-BEBD-4EA6-BA7E-7E967179783F}.Debug|Any CPU.Build.0 = Debug|Any CPU
		{422F10D1-BEBD-4EA6-BA7E-7E967179783F}.Release|Any CPU.ActiveCfg = Release|Any CPU
		{422F10D1-BEBD-4EA6-BA7E-7E967179783F}.Release|Any CPU.Build.0 = Release|Any CPU
	EndGlobalSection
	GlobalSection(SolutionProperties) = preSolution
		HideSolutionNode = FALSE
	EndGlobalSection
	GlobalSection(ExtensibilityGlobals) = postSolution
		SolutionGuid = {58218270-DCB3-456D-B3DA-BF3F21E13A0C}
	EndGlobalSection
EndGlobal
