
Microsoft Visual Studio Solution File, Format Version 12.00
# Visual Studio Version 17
VisualStudioVersion = 17.8.34330.188
MinimumVisualStudioVersion = 10.0.40219.1
Project("{FAE04EC0-301F-11D3-BF4B-00C04F79EFBC}") = "Q4", "Q4\Q4.csproj", "{B8549475-263A-48AE-85E8-4A0C3D8F59AF}"
EndProject
Global
	GlobalSection(SolutionConfigurationPlatforms) = preSolution
		Debug|Any CPU = Debug|Any CPU
		Release|Any CPU = Release|Any CPU
	EndGlobalSection
	GlobalSection(ProjectConfigurationPlatforms) = postSolution
		{B8549475-263A-48AE-85E8-4A0C3D8F59AF}.Debug|Any CPU.ActiveCfg = Debug|Any CPU
		{B8549475-263A-48AE-85E8-4A0C3D8F59AF}.Debug|Any CPU.Build.0 = Debug|Any CPU
		{B8549475-263A-48AE-85E8-4A0C3D8F59AF}.Release|Any CPU.ActiveCfg = Release|Any CPU
		{B8549475-263A-48AE-85E8-4A0C3D8F59AF}.Release|Any CPU.Build.0 = Release|Any CPU
	EndGlobalSection
	GlobalSection(SolutionProperties) = preSolution
		HideSolutionNode = FALSE
	EndGlobalSection
	GlobalSection(ExtensibilityGlobals) = postSolution
		SolutionGuid = {6E9A1D6E-1B01-485B-96CF-1B0993A2428E}
	EndGlobalSection
EndGlobal
