
Microsoft Visual Studio Solution File, Format Version 12.00
# Visual Studio Version 17
VisualStudioVersion = 17.8.34330.188
MinimumVisualStudioVersion = 10.0.40219.1
Project("{FAE04EC0-301F-11D3-BF4B-00C04F79EFBC}") = "switCH", "switCH\switCH.csproj", "{78DDFB20-6BEB-469A-8E1D-B01C8E9B196D}"
EndProject
Global
	GlobalSection(SolutionConfigurationPlatforms) = preSolution
		Debug|Any CPU = Debug|Any CPU
		Release|Any CPU = Release|Any CPU
	EndGlobalSection
	GlobalSection(ProjectConfigurationPlatforms) = postSolution
		{78DDFB20-6BEB-469A-8E1D-B01C8E9B196D}.Debug|Any CPU.ActiveCfg = Debug|Any CPU
		{78DDFB20-6BEB-469A-8E1D-B01C8E9B196D}.Debug|Any CPU.Build.0 = Debug|Any CPU
		{78DDFB20-6BEB-469A-8E1D-B01C8E9B196D}.Release|Any CPU.ActiveCfg = Release|Any CPU
		{78DDFB20-6BEB-469A-8E1D-B01C8E9B196D}.Release|Any CPU.Build.0 = Release|Any CPU
	EndGlobalSection
	GlobalSection(SolutionProperties) = preSolution
		HideSolutionNode = FALSE
	EndGlobalSection
	GlobalSection(ExtensibilityGlobals) = postSolution
		SolutionGuid = {F23EE24A-F521-415F-AC7B-77B57B8C4CA2}
	EndGlobalSection
EndGlobal
