
Microsoft Visual Studio Solution File, Format Version 12.00
# Visual Studio Version 17
VisualStudioVersion = 17.8.34330.188
MinimumVisualStudioVersion = 10.0.40219.1
Project("{FAE04EC0-301F-11D3-BF4B-00C04F79EFBC}") = "Q7", "Q7\Q7.csproj", "{44D0B5E1-A399-4CEF-9251-99E7E452B3CC}"
EndProject
Global
	GlobalSection(SolutionConfigurationPlatforms) = preSolution
		Debug|Any CPU = Debug|Any CPU
		Release|Any CPU = Release|Any CPU
	EndGlobalSection
	GlobalSection(ProjectConfigurationPlatforms) = postSolution
		{44D0B5E1-A399-4CEF-9251-99E7E452B3CC}.Debug|Any CPU.ActiveCfg = Debug|Any CPU
		{44D0B5E1-A399-4CEF-9251-99E7E452B3CC}.Debug|Any CPU.Build.0 = Debug|Any CPU
		{44D0B5E1-A399-4CEF-9251-99E7E452B3CC}.Release|Any CPU.ActiveCfg = Release|Any CPU
		{44D0B5E1-A399-4CEF-9251-99E7E452B3CC}.Release|Any CPU.Build.0 = Release|Any CPU
	EndGlobalSection
	GlobalSection(SolutionProperties) = preSolution
		HideSolutionNode = FALSE
	EndGlobalSection
	GlobalSection(ExtensibilityGlobals) = postSolution
		SolutionGuid = {30EAFA0A-64C5-4B47-9DC7-0D3B8EA840A9}
	EndGlobalSection
EndGlobal
